{
    "_readme": [
        "This file locks the dependencies of your project to a known state",
        "Read more about it at https://getcomposer.org/doc/01-basic-usage.md#installing-dependencies",
        "This file is @generated automatically"
    ],
    "content-hash": "689ff3566536be0996626e2af449640e",
    "packages": [
        {
            "name": "mehmetbeyhz/easy-json-mapper",
            "version": "dev-master",
            "source": {
                "type": "git",
                "url": "https://github.com/mehmetbeyHZ/EasyJsonMapper.git",
                "reference": "4bbf0d7f93d557f44dcee2ac855ffc450f7b1cb1"
            },
            "dist": {
                "type": "zip",
                "url": "https://api.github.com/repos/mehmetbeyHZ/EasyJsonMapper/zipball/4bbf0d7f93d557f44dcee2ac855ffc450f7b1cb1",
                "reference": "4bbf0d7f93d557f44dcee2ac855ffc450f7b1cb1",
                "shasum": ""
            },
            "require": {
                "ext-json": "*"
            },
            "default-branch": true,
            "type": "library",
            "autoload": {
                "psr-4": {
                    "EJM\\": "src"
                }
            },
            "notification-url": "https://packagist.org/downloads/",
            "license": [
                "MIT"
            ],
            "authors": [
                {
                    "name": "mehmetbeyhz",
                    "email": "mehmetbeyhz@gmail.com"
                }
            ],
            "description": "PHP Easy Json Mapper",
            "support": {
                "issues": "https://github.com/mehmetbeyHZ/EasyJsonMapper/issues",
                "source": "https://github.com/mehmetbeyHZ/EasyJsonMapper/tree/master"
            },
            "time": "2020-06-03T19:00:45+00:00"
        },
        {
            "name": "mehmetbeyhz/mclient",
            "version": "dev-master",
            "source": {
                "type": "git",
                "url": "https://github.com/mehmetbeyHZ/mClient.git",
                "reference": "91f66d19bbc8b02243364f8c831da2c24f210f77"
            },
            "dist": {
                "type": "zip",
                "url": "https://api.github.com/repos/mehmetbeyHZ/mClient/zipball/91f66d19bbc8b02243364f8c831da2c24f210f77",
                "reference": "91f66d19bbc8b02243364f8c831da2c24f210f77",
                "shasum": ""
            },
            "require": {
                "ext-curl": "*",
                "ext-json": "*",
                "php": ">=7.4"
            },
            "default-branch": true,
            "type": "library",
            "autoload": {
                "psr-4": {
                    "MClient\\": "src"
                }
            },
            "notification-url": "https://packagist.org/downloads/",
            "license": [
                "MIT"
            ],
            "authors": [
                {
                    "name": "mehmetbeyhz",
                    "email": "mehmetbeyhz@gmail.com"
                }
            ],
            "description": "Php Curl Class",
            "support": {
                "issues": "https://github.com/mehmetbeyHZ/mClient/issues",
                "source": "https://github.com/mehmetbeyHZ/mClient/tree/master"
            },
            "time": "2021-04-13T14:14:53+00:00"
        }
    ],
    "packages-dev": [],
    "aliases": [],
    "minimum-stability": "dev",
    "stability-flags": {
        "mehmetbeyhz/mclient": 20,
        "mehmetbeyhz/easy-json-mapper": 20
    },
    "prefer-stable": false,
    "prefer-lowest": false,
    "platform": {
        "ext-json": "*",
        "ext-openssl": "*"
    },
    "platform-dev": [],
    "plugin-api-version": "2.0.0"
}
